
Microsoft Visual Studio Solution File, Format Version 12.00
# Visual Studio Version 16
VisualStudioVersion = 16.0.31229.75
MinimumVisualStudioVersion = 10.0.40219.1
Project("{2150E333-8FDC-42A3-9474-1A3956D46DE8}") = "Restaurant", "Restaurant", "{17AE85BD-8F58-4752-92F3-A79F919D0C9C}"
EndProject
Project("{6EC3EE1D-3C4E-46DD-8F32-0CC8E7565705}") = "FTGO.Restaurant.Entities", "Restaurant\FTGO.Restaurant.Entities\FTGO.Restaurant.Entities.fsproj", "{9024424E-D93A-49D5-9A4C-D4FC0311D975}"
EndProject
Project("{6EC3EE1D-3C4E-46DD-8F32-0CC8E7565705}") = "FTGO.Restaurant.BaseTypes", "Restaurant\FTGO.Restaurant.BaseTypes\FTGO.Restaurant.BaseTypes.fsproj", "{E01FFD26-931E-4C8C-8C29-5049C3659129}"
EndProject
Project("{6EC3EE1D-3C4E-46DD-8F32-0CC8E7565705}") = "FTGO.Restaurant", "Restaurant\FTGO.Restaurant\FTGO.Restaurant.fsproj", "{2377FB32-7A87-4E95-B9FD-693F2A497DA9}"
EndProject
Project("{6EC3EE1D-3C4E-46DD-8F32-0CC8E7565705}") = "FTGO.Restaurant.UseCases", "Restaurant\FTGO.Restaurant.UseCases\FTGO.Restaurant.UseCases.fsproj", "{51066A21-C817-411F-90D6-A82D793B8344}"
EndProject
Project("{2150E333-8FDC-42A3-9474-1A3956D46DE8}") = "Common", "Common", "{5C251F31-0DB7-4A11-BB8C-741A2FA6C9C0}"
EndProject
Project("{6EC3EE1D-3C4E-46DD-8F32-0CC8E7565705}") = "FTGO.Common.BaseTypes", "Common\FTGO.Common.BaseTypes\FTGO.Common.BaseTypes.fsproj", "{14DDF057-0EC5-48EB-B767-60ACE7CD7896}"
EndProject
Project("{6EC3EE1D-3C4E-46DD-8F32-0CC8E7565705}") = "FTGO.Common", "Common\FTGO.Common\FTGO.Common.fsproj", "{F1EF7266-225F-4EF1-AD29-36102CB7006B}"
EndProject
Project("{6EC3EE1D-3C4E-46DD-8F32-0CC8E7565705}") = "FTGO.Restaurant.Events", "Restaurant\FTGO.Restaurant.Events\FTGO.Restaurant.Events.fsproj", "{8F0EEE6F-6CE0-4308-83CB-33D90BD650DE}"
EndProject
Project("{6EC3EE1D-3C4E-46DD-8F32-0CC8E7565705}") = "FTGO.Restaurant.Tests", "Restaurant\FTGO.Restaurant.Tests\FTGO.Restaurant.Tests.fsproj", "{FFEBDB47-ADF2-497D-A7C8-09361284EF84}"
EndProject
Project("{2150E333-8FDC-42A3-9474-1A3956D46DE8}") = "SQL Entity Adapter", "SQL Entity Adapter", "{58899410-C44C-4177-A69D-A8829661E005}"
EndProject
Project("{6EC3EE1D-3C4E-46DD-8F32-0CC8E7565705}") = "FTGO.Restaurant.SqlEntities", "Restaurant\SQL Entity Adapter\FTGO.Restaurant.SqlEntities\FTGO.Restaurant.SqlEntities.fsproj", "{4B86AFE6-5E39-43B9-B153-50F9AEE7AB3E}"
EndProject
Project("{2150E333-8FDC-42A3-9474-1A3956D46DE8}") = "AD", "AD", "{5F45EB19-7B0F-4213-963F-23D78895CA3B}"
EndProject
Project("{9A19103F-16F7-4668-BE54-9A1E7A4F7556}") = "AD.Messaging.Cosmos", "AD\AD.Messaging.Cosmos\AD.Messaging.Cosmos.csproj", "{3D849590-FD9D-4842-B350-6BE6A054A3E5}"
EndProject
Project("{2150E333-8FDC-42A3-9474-1A3956D46DE8}") = "CosmosDb Entity Adapter", "CosmosDb Entity Adapter", "{C25BB56E-9242-475F-B361-644CB0CCC539}"
EndProject
Project("{6EC3EE1D-3C4E-46DD-8F32-0CC8E7565705}") = "FTGO.Restaurant.CosmosDbEntities", "Restaurant\CosmosDb Entity Adapter\FTGO.Restaurant.CosmosDbEntities\FTGO.Restaurant.CosmosDbEntities.fsproj", "{93ABBCE9-7781-47C7-A0AD-2A104DC586AA}"
EndProject
Project("{9A19103F-16F7-4668-BE54-9A1E7A4F7556}") = "FTGO.Restaurant.CosmosDbEntities.Core", "Restaurant\CosmosDb Entity Adapter\FTGO.Restaurant.CosmosDbEntities.Core\FTGO.Restaurant.CosmosDbEntities.Core.csproj", "{140E36BC-26E7-4E4B-833E-B8B93B1328F3}"
EndProject
Project("{9A19103F-16F7-4668-BE54-9A1E7A4F7556}") = "FTGO.Restaurant.SqlEntities.Core", "Restaurant\SQL Entity Adapter\FTGO.Restaurant.SqlEntities.Core\FTGO.Restaurant.SqlEntities.Core.csproj", "{D595B325-75C8-4FA0-9C43-E667B9D92C01}"
EndProject
Project("{9A19103F-16F7-4668-BE54-9A1E7A4F7556}") = "AD.Messaging.SqlEF", "AD\AD.Messaging.SqlEF\AD.Messaging.SqlEF.csproj", "{44A01BA6-F661-4659-B01B-325144D1AAEB}"
EndProject
Project("{2150E333-8FDC-42A3-9474-1A3956D46DE8}") = "InMemory Entity Adapter", "InMemory Entity Adapter", "{F43C6F58-00A6-4085-89D8-71F9355349D0}"
EndProject
Project("{6EC3EE1D-3C4E-46DD-8F32-0CC8E7565705}") = "FTGO.Restaurant.InMemoryEntities", "Restaurant\InMemory Entity Adapter\FTGO.Restaurant.InMemoryEntities\FTGO.Restaurant.InMemoryEntities.fsproj", "{26BF6EB2-07A6-4D33-A6F6-215CEC316906}"
EndProject
Project("{9A19103F-16F7-4668-BE54-9A1E7A4F7556}") = "AD.InMemoryStore", "AD\AD.InMemoryStore\AD.InMemoryStore.csproj", "{7F8FFDEA-8716-40CD-B8C3-2939D276916C}"
EndProject
Project("{6EC3EE1D-3C4E-46DD-8F32-0CC8E7565705}") = "AD.InMemoryStore.Functional", "AD\AD.InMemoryStore.Functional\AD.InMemoryStore.Functional.fsproj", "{DBF8A9E4-AF56-45AA-81FD-275C7D58333D}"
EndProject
Project("{9A19103F-16F7-4668-BE54-9A1E7A4F7556}") = "AD.InMemoryStore.Tests", "AD\AD.InMemoryStore.Tests\AD.InMemoryStore.Tests.csproj", "{6582455B-5E67-4C40-9C46-7DB1A4BF6066}"
EndProject
Project("{F2A71F9B-5D33-465A-A702-920D77279786}") = "AD.InMemoryStore.Functional.Tests", "AD\AD.InMemoryStore.Functional.Tests\AD.InMemoryStore.Functional.Tests.fsproj", "{064258A1-4350-4C89-9970-B9E8D50584E8}"
EndProject
Global
	GlobalSection(SolutionConfigurationPlatforms) = preSolution
		Debug|Any CPU = Debug|Any CPU
		Release|Any CPU = Release|Any CPU
	EndGlobalSection
	GlobalSection(ProjectConfigurationPlatforms) = postSolution
		{9024424E-D93A-49D5-9A4C-D4FC0311D975}.Debug|Any CPU.ActiveCfg = Debug|Any CPU
		{9024424E-D93A-49D5-9A4C-D4FC0311D975}.Debug|Any CPU.Build.0 = Debug|Any CPU
		{9024424E-D93A-49D5-9A4C-D4FC0311D975}.Release|Any CPU.ActiveCfg = Release|Any CPU
		{9024424E-D93A-49D5-9A4C-D4FC0311D975}.Release|Any CPU.Build.0 = Release|Any CPU
		{E01FFD26-931E-4C8C-8C29-5049C3659129}.Debug|Any CPU.ActiveCfg = Debug|Any CPU
		{E01FFD26-931E-4C8C-8C29-5049C3659129}.Debug|Any CPU.Build.0 = Debug|Any CPU
		{E01FFD26-931E-4C8C-8C29-5049C3659129}.Release|Any CPU.ActiveCfg = Release|Any CPU
		{E01FFD26-931E-4C8C-8C29-5049C3659129}.Release|Any CPU.Build.0 = Release|Any CPU
		{2377FB32-7A87-4E95-B9FD-693F2A497DA9}.Debug|Any CPU.ActiveCfg = Debug|Any CPU
		{2377FB32-7A87-4E95-B9FD-693F2A497DA9}.Debug|Any CPU.Build.0 = Debug|Any CPU
		{2377FB32-7A87-4E95-B9FD-693F2A497DA9}.Release|Any CPU.ActiveCfg = Release|Any CPU
		{2377FB32-7A87-4E95-B9FD-693F2A497DA9}.Release|Any CPU.Build.0 = Release|Any CPU
		{51066A21-C817-411F-90D6-A82D793B8344}.Debug|Any CPU.ActiveCfg = Debug|Any CPU
		{51066A21-C817-411F-90D6-A82D793B8344}.Debug|Any CPU.Build.0 = Debug|Any CPU
		{51066A21-C817-411F-90D6-A82D793B8344}.Release|Any CPU.ActiveCfg = Release|Any CPU
		{51066A21-C817-411F-90D6-A82D793B8344}.Release|Any CPU.Build.0 = Release|Any CPU
		{14DDF057-0EC5-48EB-B767-60ACE7CD7896}.Debug|Any CPU.ActiveCfg = Debug|Any CPU
		{14DDF057-0EC5-48EB-B767-60ACE7CD7896}.Debug|Any CPU.Build.0 = Debug|Any CPU
		{14DDF057-0EC5-48EB-B767-60ACE7CD7896}.Release|Any CPU.ActiveCfg = Release|Any CPU
		{14DDF057-0EC5-48EB-B767-60ACE7CD7896}.Release|Any CPU.Build.0 = Release|Any CPU
		{F1EF7266-225F-4EF1-AD29-36102CB7006B}.Debug|Any CPU.ActiveCfg = Debug|Any CPU
		{F1EF7266-225F-4EF1-AD29-36102CB7006B}.Debug|Any CPU.Build.0 = Debug|Any CPU
		{F1EF7266-225F-4EF1-AD29-36102CB7006B}.Release|Any CPU.ActiveCfg = Release|Any CPU
		{F1EF7266-225F-4EF1-AD29-36102CB7006B}.Release|Any CPU.Build.0 = Release|Any CPU
		{8F0EEE6F-6CE0-4308-83CB-33D90BD650DE}.Debug|Any CPU.ActiveCfg = Debug|Any CPU
		{8F0EEE6F-6CE0-4308-83CB-33D90BD650DE}.Debug|Any CPU.Build.0 = Debug|Any CPU
		{8F0EEE6F-6CE0-4308-83CB-33D90BD650DE}.Release|Any CPU.ActiveCfg = Release|Any CPU
		{8F0EEE6F-6CE0-4308-83CB-33D90BD650DE}.Release|Any CPU.Build.0 = Release|Any CPU
		{FFEBDB47-ADF2-497D-A7C8-09361284EF84}.Debug|Any CPU.ActiveCfg = Debug|Any CPU
		{FFEBDB47-ADF2-497D-A7C8-09361284EF84}.Debug|Any CPU.Build.0 = Debug|Any CPU
		{FFEBDB47-ADF2-497D-A7C8-09361284EF84}.Release|Any CPU.ActiveCfg = Release|Any CPU
		{FFEBDB47-ADF2-497D-A7C8-09361284EF84}.Release|Any CPU.Build.0 = Release|Any CPU
		{4B86AFE6-5E39-43B9-B153-50F9AEE7AB3E}.Debug|Any CPU.ActiveCfg = Debug|Any CPU
		{4B86AFE6-5E39-43B9-B153-50F9AEE7AB3E}.Debug|Any CPU.Build.0 = Debug|Any CPU
		{4B86AFE6-5E39-43B9-B153-50F9AEE7AB3E}.Release|Any CPU.ActiveCfg = Release|Any CPU
		{4B86AFE6-5E39-43B9-B153-50F9AEE7AB3E}.Release|Any CPU.Build.0 = Release|Any CPU
		{3D849590-FD9D-4842-B350-6BE6A054A3E5}.Debug|Any CPU.ActiveCfg = Debug|Any CPU
		{3D849590-FD9D-4842-B350-6BE6A054A3E5}.Debug|Any CPU.Build.0 = Debug|Any CPU
		{3D849590-FD9D-4842-B350-6BE6A054A3E5}.Release|Any CPU.ActiveCfg = Release|Any CPU
		{3D849590-FD9D-4842-B350-6BE6A054A3E5}.Release|Any CPU.Build.0 = Release|Any CPU
		{93ABBCE9-7781-47C7-A0AD-2A104DC586AA}.Debug|Any CPU.ActiveCfg = Debug|Any CPU
		{93ABBCE9-7781-47C7-A0AD-2A104DC586AA}.Debug|Any CPU.Build.0 = Debug|Any CPU
		{93ABBCE9-7781-47C7-A0AD-2A104DC586AA}.Release|Any CPU.ActiveCfg = Release|Any CPU
		{93ABBCE9-7781-47C7-A0AD-2A104DC586AA}.Release|Any CPU.Build.0 = Release|Any CPU
		{140E36BC-26E7-4E4B-833E-B8B93B1328F3}.Debug|Any CPU.ActiveCfg = Debug|Any CPU
		{140E36BC-26E7-4E4B-833E-B8B93B1328F3}.Debug|Any CPU.Build.0 = Debug|Any CPU
		{140E36BC-26E7-4E4B-833E-B8B93B1328F3}.Release|Any CPU.ActiveCfg = Release|Any CPU
		{140E36BC-26E7-4E4B-833E-B8B93B1328F3}.Release|Any CPU.Build.0 = Release|Any CPU
		{D595B325-75C8-4FA0-9C43-E667B9D92C01}.Debug|Any CPU.ActiveCfg = Debug|Any CPU
		{D595B325-75C8-4FA0-9C43-E667B9D92C01}.Debug|Any CPU.Build.0 = Debug|Any CPU
		{D595B325-75C8-4FA0-9C43-E667B9D92C01}.Release|Any CPU.ActiveCfg = Release|Any CPU
		{D595B325-75C8-4FA0-9C43-E667B9D92C01}.Release|Any CPU.Build.0 = Release|Any CPU
		{44A01BA6-F661-4659-B01B-325144D1AAEB}.Debug|Any CPU.ActiveCfg = Debug|Any CPU
		{44A01BA6-F661-4659-B01B-325144D1AAEB}.Debug|Any CPU.Build.0 = Debug|Any CPU
		{44A01BA6-F661-4659-B01B-325144D1AAEB}.Release|Any CPU.ActiveCfg = Release|Any CPU
		{44A01BA6-F661-4659-B01B-325144D1AAEB}.Release|Any CPU.Build.0 = Release|Any CPU
		{26BF6EB2-07A6-4D33-A6F6-215CEC316906}.Debug|Any CPU.ActiveCfg = Debug|Any CPU
		{26BF6EB2-07A6-4D33-A6F6-215CEC316906}.Debug|Any CPU.Build.0 = Debug|Any CPU
		{26BF6EB2-07A6-4D33-A6F6-215CEC316906}.Release|Any CPU.ActiveCfg = Release|Any CPU
		{26BF6EB2-07A6-4D33-A6F6-215CEC316906}.Release|Any CPU.Build.0 = Release|Any CPU
		{7F8FFDEA-8716-40CD-B8C3-2939D276916C}.Debug|Any CPU.ActiveCfg = Debug|Any CPU
		{7F8FFDEA-8716-40CD-B8C3-2939D276916C}.Debug|Any CPU.Build.0 = Debug|Any CPU
		{7F8FFDEA-8716-40CD-B8C3-2939D276916C}.Release|Any CPU.ActiveCfg = Release|Any CPU
		{7F8FFDEA-8716-40CD-B8C3-2939D276916C}.Release|Any CPU.Build.0 = Release|Any CPU
		{DBF8A9E4-AF56-45AA-81FD-275C7D58333D}.Debug|Any CPU.ActiveCfg = Debug|Any CPU
		{DBF8A9E4-AF56-45AA-81FD-275C7D58333D}.Debug|Any CPU.Build.0 = Debug|Any CPU
		{DBF8A9E4-AF56-45AA-81FD-275C7D58333D}.Release|Any CPU.ActiveCfg = Release|Any CPU
		{DBF8A9E4-AF56-45AA-81FD-275C7D58333D}.Release|Any CPU.Build.0 = Release|Any CPU
		{6582455B-5E67-4C40-9C46-7DB1A4BF6066}.Debug|Any CPU.ActiveCfg = Debug|Any CPU
		{6582455B-5E67-4C40-9C46-7DB1A4BF6066}.Debug|Any CPU.Build.0 = Debug|Any CPU
		{6582455B-5E67-4C40-9C46-7DB1A4BF6066}.Release|Any CPU.ActiveCfg = Release|Any CPU
		{6582455B-5E67-4C40-9C46-7DB1A4BF6066}.Release|Any CPU.Build.0 = Release|Any CPU
		{064258A1-4350-4C89-9970-B9E8D50584E8}.Debug|Any CPU.ActiveCfg = Debug|Any CPU
		{064258A1-4350-4C89-9970-B9E8D50584E8}.Debug|Any CPU.Build.0 = Debug|Any CPU
		{064258A1-4350-4C89-9970-B9E8D50584E8}.Release|Any CPU.ActiveCfg = Release|Any CPU
		{064258A1-4350-4C89-9970-B9E8D50584E8}.Release|Any CPU.Build.0 = Release|Any CPU
	EndGlobalSection
	GlobalSection(SolutionProperties) = preSolution
		HideSolutionNode = FALSE
	EndGlobalSection
	GlobalSection(NestedProjects) = preSolution
		{9024424E-D93A-49D5-9A4C-D4FC0311D975} = {17AE85BD-8F58-4752-92F3-A79F919D0C9C}
		{E01FFD26-931E-4C8C-8C29-5049C3659129} = {17AE85BD-8F58-4752-92F3-A79F919D0C9C}
		{2377FB32-7A87-4E95-B9FD-693F2A497DA9} = {17AE85BD-8F58-4752-92F3-A79F919D0C9C}
		{51066A21-C817-411F-90D6-A82D793B8344} = {17AE85BD-8F58-4752-92F3-A79F919D0C9C}
		{14DDF057-0EC5-48EB-B767-60ACE7CD7896} = {5C251F31-0DB7-4A11-BB8C-741A2FA6C9C0}
		{F1EF7266-225F-4EF1-AD29-36102CB7006B} = {5C251F31-0DB7-4A11-BB8C-741A2FA6C9C0}
		{8F0EEE6F-6CE0-4308-83CB-33D90BD650DE} = {17AE85BD-8F58-4752-92F3-A79F919D0C9C}
		{FFEBDB47-ADF2-497D-A7C8-09361284EF84} = {17AE85BD-8F58-4752-92F3-A79F919D0C9C}
		{58899410-C44C-4177-A69D-A8829661E005} = {17AE85BD-8F58-4752-92F3-A79F919D0C9C}
		{4B86AFE6-5E39-43B9-B153-50F9AEE7AB3E} = {58899410-C44C-4177-A69D-A8829661E005}
		{3D849590-FD9D-4842-B350-6BE6A054A3E5} = {5F45EB19-7B0F-4213-963F-23D78895CA3B}
		{C25BB56E-9242-475F-B361-644CB0CCC539} = {17AE85BD-8F58-4752-92F3-A79F919D0C9C}
		{93ABBCE9-7781-47C7-A0AD-2A104DC586AA} = {C25BB56E-9242-475F-B361-644CB0CCC539}
		{140E36BC-26E7-4E4B-833E-B8B93B1328F3} = {C25BB56E-9242-475F-B361-644CB0CCC539}
		{D595B325-75C8-4FA0-9C43-E667B9D92C01} = {58899410-C44C-4177-A69D-A8829661E005}
		{44A01BA6-F661-4659-B01B-325144D1AAEB} = {5F45EB19-7B0F-4213-963F-23D78895CA3B}
		{F43C6F58-00A6-4085-89D8-71F9355349D0} = {17AE85BD-8F58-4752-92F3-A79F919D0C9C}
		{26BF6EB2-07A6-4D33-A6F6-215CEC316906} = {F43C6F58-00A6-4085-89D8-71F9355349D0}
		{7F8FFDEA-8716-40CD-B8C3-2939D276916C} = {5F45EB19-7B0F-4213-963F-23D78895CA3B}
		{DBF8A9E4-AF56-45AA-81FD-275C7D58333D} = {5F45EB19-7B0F-4213-963F-23D78895CA3B}
		{6582455B-5E67-4C40-9C46-7DB1A4BF6066} = {5F45EB19-7B0F-4213-963F-23D78895CA3B}
		{064258A1-4350-4C89-9970-B9E8D50584E8} = {5F45EB19-7B0F-4213-963F-23D78895CA3B}
	EndGlobalSection
	GlobalSection(ExtensibilityGlobals) = postSolution
		SolutionGuid = {B3CE3EAF-CB28-49AE-88A8-6DAA85B320B7}
	EndGlobalSection
EndGlobal
